// !$*UTF8*$!
{
	archiveVersion = 1;
	classes = {
	};
	objectVersion = 46;
	objects = {

/* Begin PBXBuildFile section */
		9876E9941B580DFE00ECC9F1 /* AppDelegate.swift in Sources */ = {isa = PBXBuildFile; fileRef = 9876E9931B580DFE00ECC9F1 /* AppDelegate.swift */; };
		9876E9991B580DFE00ECC9F1 /* Main.storyboard in Resources */ = {isa = PBXBuildFile; fileRef = 9876E9971B580DFE00ECC9F1 /* Main.storyboard */; };
		9876E99B1B580DFE00ECC9F1 /* Images.xcassets in Resources */ = {isa = PBXBuildFile; fileRef = 9876E99A1B580DFE00ECC9F1 /* Images.xcassets */; };
		9876E9AA1B580DFE00ECC9F1 /* PocketMeterTests.swift in Sources */ = {isa = PBXBuildFile; fileRef = 9876E9A91B580DFE00ECC9F1 /* PocketMeterTests.swift */; };
		9876E9B41B580E8A00ECC9F1 /* MeterViewController.swift in Sources */ = {isa = PBXBuildFile; fileRef = 9876E9B31B580E8A00ECC9F1 /* MeterViewController.swift */; };
		9876E9B61B58577200ECC9F1 /* DistanceCalculator.swift in Sources */ = {isa = PBXBuildFile; fileRef = 9876E9B51B58577200ECC9F1 /* DistanceCalculator.swift */; };
		987BD4F21B5BC4670078062B /* SelectViewController.swift in Sources */ = {isa = PBXBuildFile; fileRef = 987BD4F11B5BC4670078062B /* SelectViewController.swift */; };
		98A382411B60448D00273878 /* SettingsTableViewController.swift in Sources */ = {isa = PBXBuildFile; fileRef = 98A382401B60448D00273878 /* SettingsTableViewController.swift */; };
		98A9662C1B62CEF700E663CF /* ResultsTableViewCell.swift in Sources */ = {isa = PBXBuildFile; fileRef = 98A9662B1B62CEF700E663CF /* ResultsTableViewCell.swift */; };
		98D5EE181B5DBC5D000ADCA1 /* home.gpx in Resources */ = {isa = PBXBuildFile; fileRef = 98D5EE171B5DBC5D000ADCA1 /* home.gpx */; };
/* End PBXBuildFile section */

/* Begin PBXContainerItemProxy section */
		9876E9A41B580DFE00ECC9F1 /* PBXContainerItemProxy */ = {
			isa = PBXContainerItemProxy;
			containerPortal = 9876E9861B580DFE00ECC9F1 /* Project object */;
			proxyType = 1;
			remoteGlobalIDString = 9876E98D1B580DFE00ECC9F1;
			remoteInfo = PocketMeter;
		};
/* End PBXContainerItemProxy section */

/* Begin PBXFileReference section */
		9876E98E1B580DFE00ECC9F1 /* PocketMeter.app */ = {isa = PBXFileReference; explicitFileType = wrapper.application; includeInIndex = 0; path = PocketMeter.app; sourceTree = BUILT_PRODUCTS_DIR; };
		9876E9921B580DFE00ECC9F1 /* Info.plist */ = {isa = PBXFileReference; lastKnownFileType = text.plist.xml; path = Info.plist; sourceTree = "<group>"; };
		9876E9931B580DFE00ECC9F1 /* AppDelegate.swift */ = {isa = PBXFileReference; lastKnownFileType = sourcecode.swift; path = AppDelegate.swift; sourceTree = "<group>"; };
		9876E9981B580DFE00ECC9F1 /* Base */ = {isa = PBXFileReference; lastKnownFileType = file.storyboard; name = Base; path = Base.lproj/Main.storyboard; sourceTree = "<group>"; };
		9876E99A1B580DFE00ECC9F1 /* Images.xcassets */ = {isa = PBXFileReference; lastKnownFileType = folder.assetcatalog; path = Images.xcassets; sourceTree = "<group>"; };
		9876E9A31B580DFE00ECC9F1 /* PocketMeterTests.xctest */ = {isa = PBXFileReference; explicitFileType = wrapper.cfbundle; includeInIndex = 0; path = PocketMeterTests.xctest; sourceTree = BUILT_PRODUCTS_DIR; };
		9876E9A81B580DFE00ECC9F1 /* Info.plist */ = {isa = PBXFileReference; lastKnownFileType = text.plist.xml; path = Info.plist; sourceTree = "<group>"; };
		9876E9A91B580DFE00ECC9F1 /* PocketMeterTests.swift */ = {isa = PBXFileReference; lastKnownFileType = sourcecode.swift; path = PocketMeterTests.swift; sourceTree = "<group>"; };
		9876E9B31B580E8A00ECC9F1 /* MeterViewController.swift */ = {isa = PBXFileReference; fileEncoding = 4; lastKnownFileType = sourcecode.swift; path = MeterViewController.swift; sourceTree = "<group>"; };
		9876E9B51B58577200ECC9F1 /* DistanceCalculator.swift */ = {isa = PBXFileReference; fileEncoding = 4; lastKnownFileType = sourcecode.swift; path = DistanceCalculator.swift; sourceTree = "<group>"; };
		987BD4F11B5BC4670078062B /* SelectViewController.swift */ = {isa = PBXFileReference; fileEncoding = 4; lastKnownFileType = sourcecode.swift; path = SelectViewController.swift; sourceTree = "<group>"; };
		98A382401B60448D00273878 /* SettingsTableViewController.swift */ = {isa = PBXFileReference; fileEncoding = 4; lastKnownFileType = sourcecode.swift; path = SettingsTableViewController.swift; sourceTree = "<group>"; };
		98A9662B1B62CEF700E663CF /* ResultsTableViewCell.swift */ = {isa = PBXFileReference; fileEncoding = 4; lastKnownFileType = sourcecode.swift; path = ResultsTableViewCell.swift; sourceTree = "<group>"; };
		98D5EE171B5DBC5D000ADCA1 /* home.gpx */ = {isa = PBXFileReference; fileEncoding = 4; lastKnownFileType = text.xml; path = home.gpx; sourceTree = "<group>"; };
/* End PBXFileReference section */

/* Begin PBXFrameworksBuildPhase section */
		9876E98B1B580DFE00ECC9F1 /* Frameworks */ = {
			isa = PBXFrameworksBuildPhase;
			buildActionMask = 2147483647;
			files = (
			);
			runOnlyForDeploymentPostprocessing = 0;
		};
		9876E9A01B580DFE00ECC9F1 /* Frameworks */ = {
			isa = PBXFrameworksBuildPhase;
			buildActionMask = 2147483647;
			files = (
			);
			runOnlyForDeploymentPostprocessing = 0;
		};
/* End PBXFrameworksBuildPhase section */

/* Begin PBXGroup section */
		9876E9851B580DFE00ECC9F1 = {
			isa = PBXGroup;
			children = (
				9876E9901B580DFE00ECC9F1 /* PocketMeter */,
				9876E9A61B580DFE00ECC9F1 /* PocketMeterTests */,
				9876E98F1B580DFE00ECC9F1 /* Products */,
			);
			sourceTree = "<group>";
		};
		9876E98F1B580DFE00ECC9F1 /* Products */ = {
			isa = PBXGroup;
			children = (
				9876E98E1B580DFE00ECC9F1 /* PocketMeter.app */,
				9876E9A31B580DFE00ECC9F1 /* PocketMeterTests.xctest */,
			);
			name = Products;
			sourceTree = "<group>";
		};
		9876E9901B580DFE00ECC9F1 /* PocketMeter */ = {
			isa = PBXGroup;
			children = (
				98A9662B1B62CEF700E663CF /* ResultsTableViewCell.swift */,
				98A382401B60448D00273878 /* SettingsTableViewController.swift */,
				987BD4F11B5BC4670078062B /* SelectViewController.swift */,
				98D5EE171B5DBC5D000ADCA1 /* home.gpx */,
				9876E9B31B580E8A00ECC9F1 /* MeterViewController.swift */,
				9876E9971B580DFE00ECC9F1 /* Main.storyboard */,
				9876E9B51B58577200ECC9F1 /* DistanceCalculator.swift */,
				9876E9931B580DFE00ECC9F1 /* AppDelegate.swift */,
				9876E9911B580DFE00ECC9F1 /* Supporting Files */,
			);
			path = PocketMeter;
			sourceTree = "<group>";
		};
		9876E9911B580DFE00ECC9F1 /* Supporting Files */ = {
			isa = PBXGroup;
			children = (
				9876E99A1B580DFE00ECC9F1 /* Images.xcassets */,
				9876E9921B580DFE00ECC9F1 /* Info.plist */,
			);
			name = "Supporting Files";
			sourceTree = "<group>";
		};
		9876E9A61B580DFE00ECC9F1 /* PocketMeterTests */ = {
			isa = PBXGroup;
			children = (
				9876E9A91B580DFE00ECC9F1 /* PocketMeterTests.swift */,
				9876E9A71B580DFE00ECC9F1 /* Supporting Files */,
			);
			path = PocketMeterTests;
			sourceTree = "<group>";
		};
		9876E9A71B580DFE00ECC9F1 /* Supporting Files */ = {
			isa = PBXGroup;
			children = (
				9876E9A81B580DFE00ECC9F1 /* Info.plist */,
			);
			name = "Supporting Files";
			sourceTree = "<group>";
		};
/* End PBXGroup section */

/* Begin PBXNativeTarget section */
		9876E98D1B580DFE00ECC9F1 /* PocketMeter */ = {
			isa = PBXNativeTarget;
			buildConfigurationList = 9876E9AD1B580DFE00ECC9F1 /* Build configuration list for PBXNativeTarget "PocketMeter" */;
			buildPhases = (
				9876E98A1B580DFE00ECC9F1 /* Sources */,
				9876E98B1B580DFE00ECC9F1 /* Frameworks */,
				9876E98C1B580DFE00ECC9F1 /* Resources */,
			);
			buildRules = (
			);
			dependencies = (
			);
			name = PocketMeter;
			productName = PocketMeter;
			productReference = 9876E98E1B580DFE00ECC9F1 /* PocketMeter.app */;
			productType = "com.apple.product-type.application";
		};
		9876E9A21B580DFE00ECC9F1 /* PocketMeterTests */ = {
			isa = PBXNativeTarget;
			buildConfigurationList = 9876E9B01B580DFE00ECC9F1 /* Build configuration list for PBXNativeTarget "PocketMeterTests" */;
			buildPhases = (
				9876E99F1B580DFE00ECC9F1 /* Sources */,
				9876E9A01B580DFE00ECC9F1 /* Frameworks */,
				9876E9A11B580DFE00ECC9F1 /* Resources */,
			);
			buildRules = (
			);
			dependencies = (
				9876E9A51B580DFE00ECC9F1 /* PBXTargetDependency */,
			);
			name = PocketMeterTests;
			productName = PocketMeterTests;
			productReference = 9876E9A31B580DFE00ECC9F1 /* PocketMeterTests.xctest */;
			productType = "com.apple.product-type.bundle.unit-test";
		};
/* End PBXNativeTarget section */

/* Begin PBXProject section */
		9876E9861B580DFE00ECC9F1 /* Project object */ = {
			isa = PBXProject;
			attributes = {
				LastSwiftUpdateCheck = 0700;
				LastUpgradeCheck = 0630;
				ORGANIZATIONNAME = "Akash Subramanian";
				TargetAttributes = {
					9876E98D1B580DFE00ECC9F1 = {
						CreatedOnToolsVersion = 6.3.2;
						SystemCapabilities = {
							com.apple.BackgroundModes = {
								enabled = 1;
							};
						};
					};
					9876E9A21B580DFE00ECC9F1 = {
						CreatedOnToolsVersion = 6.3.2;
						TestTargetID = 9876E98D1B580DFE00ECC9F1;
					};
				};
			};
			buildConfigurationList = 9876E9891B580DFE00ECC9F1 /* Build configuration list for PBXProject "PocketMeter" */;
			compatibilityVersion = "Xcode 3.2";
			developmentRegion = English;
			hasScannedForEncodings = 0;
			knownRegions = (
				en,
				Base,
			);
			mainGroup = 9876E9851B580DFE00ECC9F1;
			productRefGroup = 9876E98F1B580DFE00ECC9F1 /* Products */;
			projectDirPath = "";
			projectRoot = "";
			targets = (
				9876E98D1B580DFE00ECC9F1 /* PocketMeter */,
				9876E9A21B580DFE00ECC9F1 /* PocketMeterTests */,
			);
		};
/* End PBXProject section */

/* Begin PBXResourcesBuildPhase section */
		9876E98C1B580DFE00ECC9F1 /* Resources */ = {
			isa = PBXResourcesBuildPhase;
			buildActionMask = 2147483647;
			files = (
				9876E9991B580DFE00ECC9F1 /* Main.storyboard in Resources */,
				98D5EE181B5DBC5D000ADCA1 /* home.gpx in Resources */,
				9876E99B1B580DFE00ECC9F1 /* Images.xcassets in Resources */,
			);
			runOnlyForDeploymentPostprocessing = 0;
		};
		9876E9A11B580DFE00ECC9F1 /* Resources */ = {
			isa = PBXResourcesBuildPhase;
			buildActionMask = 2147483647;
			files = (
			);
			runOnlyForDeploymentPostprocessing = 0;
		};
/* End PBXResourcesBuildPhase section */

/* Begin PBXSourcesBuildPhase section */
		9876E98A1B580DFE00ECC9F1 /* Sources */ = {
			isa = PBXSourcesBuildPhase;
			buildActionMask = 2147483647;
			files = (
				987BD4F21B5BC4670078062B /* SelectViewController.swift in Sources */,
				98A382411B60448D00273878 /* SettingsTableViewController.swift in Sources */,
				98A9662C1B62CEF700E663CF /* ResultsTableViewCell.swift in Sources */,
				9876E9B61B58577200ECC9F1 /* DistanceCalculator.swift in Sources */,
				9876E9B41B580E8A00ECC9F1 /* MeterViewController.swift in Sources */,
				9876E9941B580DFE00ECC9F1 /* AppDelegate.swift in Sources */,
			);
			runOnlyForDeploymentPostprocessing = 0;
		};
		9876E99F1B580DFE00ECC9F1 /* Sources */ = {
			isa = PBXSourcesBuildPhase;
			buildActionMask = 2147483647;
			files = (
				9876E9AA1B580DFE00ECC9F1 /* PocketMeterTests.swift in Sources */,
			);
			runOnlyForDeploymentPostprocessing = 0;
		};
/* End PBXSourcesBuildPhase section */

/* Begin PBXTargetDependency section */
		9876E9A51B580DFE00ECC9F1 /* PBXTargetDependency */ = {
			isa = PBXTargetDependency;
			target = 9876E98D1B580DFE00ECC9F1 /* PocketMeter */;
			targetProxy = 9876E9A41B580DFE00ECC9F1 /* PBXContainerItemProxy */;
		};
/* End PBXTargetDependency section */

/* Begin PBXVariantGroup section */
		9876E9971B580DFE00ECC9F1 /* Main.storyboard */ = {
			isa = PBXVariantGroup;
			children = (
				9876E9981B580DFE00ECC9F1 /* Base */,
			);
			name = Main.storyboard;
			sourceTree = "<group>";
		};
/* End PBXVariantGroup section */

/* Begin XCBuildConfiguration section */
		9876E9AB1B580DFE00ECC9F1 /* Debug */ = {
			isa = XCBuildConfiguration;
			buildSettings = {
				ALWAYS_SEARCH_USER_PATHS = NO;
				CLANG_CXX_LANGUAGE_STANDARD = "gnu++0x";
				CLANG_CXX_LIBRARY = "libc++";
				CLANG_ENABLE_MODULES = YES;
				CLANG_ENABLE_OBJC_ARC = YES;
				CLANG_WARN_BOOL_CONVERSION = YES;
				CLANG_WARN_CONSTANT_CONVERSION = YES;
				CLANG_WARN_DIRECT_OBJC_ISA_USAGE = YES_ERROR;
				CLANG_WARN_EMPTY_BODY = YES;
				CLANG_WARN_ENUM_CONVERSION = YES;
				CLANG_WARN_INT_CONVERSION = YES;
				CLANG_WARN_OBJC_ROOT_CLASS = YES_ERROR;
				CLANG_WARN_UNREACHABLE_CODE = YES;
				CLANG_WARN__DUPLICATE_METHOD_MATCH = YES;
				"CODE_SIGN_IDENTITY[sdk=iphoneos*]" = "iPhone Developer";
				COPY_PHASE_STRIP = NO;
				DEBUG_INFORMATION_FORMAT = "dwarf-with-dsym";
				ENABLE_STRICT_OBJC_MSGSEND = YES;
				GCC_C_LANGUAGE_STANDARD = gnu99;
				GCC_DYNAMIC_NO_PIC = NO;
				GCC_NO_COMMON_BLOCKS = YES;
				GCC_OPTIMIZATION_LEVEL = 0;
				GCC_PREPROCESSOR_DEFINITIONS = (
					"DEBUG=1",
					"$(inherited)",
				);
				GCC_SYMBOLS_PRIVATE_EXTERN = NO;
				GCC_WARN_64_TO_32_BIT_CONVERSION = YES;
				GCC_WARN_ABOUT_RETURN_TYPE = YES_ERROR;
				GCC_WARN_UNDECLARED_SELECTOR = YES;
				GCC_WARN_UNINITIALIZED_AUTOS = YES_AGGRESSIVE;
				GCC_WARN_UNUSED_FUNCTION = YES;
				GCC_WARN_UNUSED_VARIABLE = YES;
				IPHONEOS_DEPLOYMENT_TARGET = 8.3;
				MTL_ENABLE_DEBUG_INFO = YES;
				ONLY_ACTIVE_ARCH = YES;
				SDKROOT = iphoneos;
				SWIFT_OPTIMIZATION_LEVEL = "-Onone";
				TARGETED_DEVICE_FAMILY = "1,2";
			};
			name = Debug;
		};
		9876E9AC1B580DFE00ECC9F1 /* Release */ = {
			isa = XCBuildConfiguration;
			buildSettings = {
				ALWAYS_SEARCH_USER_PATHS = NO;
				CLANG_CXX_LANGUAGE_STANDARD = "gnu++0x";
				CLANG_CXX_LIBRARY = "libc++";
				CLANG_ENABLE_MODULES = YES;
				CLANG_ENABLE_OBJC_ARC = YES;
				CLANG_WARN_BOOL_CONVERSION = YES;
				CLANG_WARN_CONSTANT_CONVERSION = YES;
				CLANG_WARN_DIRECT_OBJC_ISA_USAGE = YES_ERROR;
				CLANG_WARN_EMPTY_BODY = YES;
				CLANG_WARN_ENUM_CONVERSION = YES;
				CLANG_WARN_INT_CONVERSION = YES;
				CLANG_WARN_OBJC_ROOT_CLASS = YES_ERROR;
				CLANG_WARN_UNREACHABLE_CODE = YES;
				CLANG_WARN__DUPLICATE_METHOD_MATCH = YES;
				"CODE_SIGN_IDENTITY[sdk=iphoneos*]" = "iPhone Developer";
				COPY_PHASE_STRIP = NO;
				DEBUG_INFORMATION_FORMAT = "dwarf-with-dsym";
				ENABLE_NS_ASSERTIONS = NO;
				ENABLE_STRICT_OBJC_MSGSEND = YES;
				GCC_C_LANGUAGE_STANDARD = gnu99;
				GCC_NO_COMMON_BLOCKS = YES;
				GCC_WARN_64_TO_32_BIT_CONVERSION = YES;
				GCC_WARN_ABOUT_RETURN_TYPE = YES_ERROR;
				GCC_WARN_UNDECLARED_SELECTOR = YES;
				GCC_WARN_UNINITIALIZED_AUTOS = YES_AGGRESSIVE;
				GCC_WARN_UNUSED_FUNCTION = YES;
				GCC_WARN_UNUSED_VARIABLE = YES;
				IPHONEOS_DEPLOYMENT_TARGET = 8.3;
				MTL_ENABLE_DEBUG_INFO = NO;
				SDKROOT = iphoneos;
				TARGETED_DEVICE_FAMILY = "1,2";
				VALIDATE_PRODUCT = YES;
			};
			name = Release;
		};
		9876E9AE1B580DFE00ECC9F1 /* Debug */ = {
			isa = XCBuildConfiguration;
			buildSettings = {
				ASSETCATALOG_COMPILER_APPICON_NAME = AppIcon;
				INFOPLIST_FILE = PocketMeter/Info.plist;
				LD_RUNPATH_SEARCH_PATHS = "$(inherited) @executable_path/Frameworks";
				PRODUCT_NAME = "$(TARGET_NAME)";
			};
			name = Debug;
		};
		9876E9AF1B580DFE00ECC9F1 /* Release */ = {
			isa = XCBuildConfiguration;
			buildSettings = {
				ASSETCATALOG_COMPILER_APPICON_NAME = AppIcon;
				INFOPLIST_FILE = PocketMeter/Info.plist;
				LD_RUNPATH_SEARCH_PATHS = "$(inherited) @executable_path/Frameworks";
				PRODUCT_NAME = "$(TARGET_NAME)";
			};
			name = Release;
		};
		9876E9B11B580DFE00ECC9F1 /* Debug */ = {
			isa = XCBuildConfiguration;
			buildSettings = {
				BUNDLE_LOADER = "$(TEST_HOST)";
				FRAMEWORK_SEARCH_PATHS = (
					"$(SDKROOT)/Developer/Library/Frameworks",
					"$(inherited)",
				);
				GCC_PREPROCESSOR_DEFINITIONS = (
					"DEBUG=1",
					"$(inherited)",
				);
				INFOPLIST_FILE = PocketMeterTests/Info.plist;
				LD_RUNPATH_SEARCH_PATHS = "$(inherited) @executable_path/Frameworks @loader_path/Frameworks";
				PRODUCT_NAME = "$(TARGET_NAME)";
				TEST_HOST = "$(BUILT_PRODUCTS_DIR)/PocketMeter.app/PocketMeter";
			};
			name = Debug;
		};
		9876E9B21B580DFE00ECC9F1 /* Release */ = {
			isa = XCBuildConfiguration;
			buildSettings = {
				BUNDLE_LOADER = "$(TEST_HOST)";
				FRAMEWORK_SEARCH_PATHS = (
					"$(SDKROOT)/Developer/Library/Frameworks",
					"$(inherited)",
				);
				INFOPLIST_FILE = PocketMeterTests/Info.plist;
				LD_RUNPATH_SEARCH_PATHS = "$(inherited) @executable_path/Frameworks @loader_path/Frameworks";
				PRODUCT_NAME = "$(TARGET_NAME)";
				TEST_HOST = "$(BUILT_PRODUCTS_DIR)/PocketMeter.app/PocketMeter";
			};
			name = Release;
		};
/* End XCBuildConfiguration section */

/* Begin XCConfigurationList section */
		9876E9891B580DFE00ECC9F1 /* Build configuration list for PBXProject "PocketMeter" */ = {
			isa = XCConfigurationList;
			buildConfigurations = (
				9876E9AB1B580DFE00ECC9F1 /* Debug */,
				9876E9AC1B580DFE00ECC9F1 /* Release */,
			);
			defaultConfigurationIsVisible = 0;
			defaultConfigurationName = Release;
		};
		9876E9AD1B580DFE00ECC9F1 /* Build configuration list for PBXNativeTarget "PocketMeter" */ = {
			isa = XCConfigurationList;
			buildConfigurations = (
				9876E9AE1B580DFE00ECC9F1 /* Debug */,
				9876E9AF1B580DFE00ECC9F1 /* Release */,
			);
			defaultConfigurationIsVisible = 0;
			defaultConfigurationName = Release;
		};
		9876E9B01B580DFE00ECC9F1 /* Build configuration list for PBXNativeTarget "PocketMeterTests" */ = {
			isa = XCConfigurationList;
			buildConfigurations = (
				9876E9B11B580DFE00ECC9F1 /* Debug */,
				9876E9B21B580DFE00ECC9F1 /* Release */,
			);
			defaultConfigurationIsVisible = 0;
			defaultConfigurationName = Release;
		};
/* End XCConfigurationList section */
	};
	rootObject = 9876E9861B580DFE00ECC9F1 /* Project object */;
}
